
Microsoft Visual Studio Solution File, Format Version 12.00
# Visual Studio Version 17
VisualStudioVersion = 17.10.35027.167
MinimumVisualStudioVersion = 10.0.40219.1
Project("{FAE04EC0-301F-11D3-BF4B-00C04F79EFBC}") = "Turo", "Turo\Turo.csproj", "{BDED3311-2E71-4991-93B8-4F181B6B6847}"
EndProject
Project("{FAE04EC0-301F-11D3-BF4B-00C04F79EFBC}") = "Turo.Domain", "Turo.Domain\Turo.Domain.csproj", "{957451EC-D233-448B-B80C-69636C499FBD}"
EndProject
Global
	GlobalSection(SolutionConfigurationPlatforms) = preSolution
		Debug|Any CPU = Debug|Any CPU
		Release|Any CPU = Release|Any CPU
	EndGlobalSection
	GlobalSection(ProjectConfigurationPlatforms) = postSolution
		{BDED3311-2E71-4991-93B8-4F181B6B6847}.Debug|Any CPU.ActiveCfg = Debug|Any CPU
		{BDED3311-2E71-4991-93B8-4F181B6B6847}.Debug|Any CPU.Build.0 = Debug|Any CPU
		{BDED3311-2E71-4991-93B8-4F181B6B6847}.Release|Any CPU.ActiveCfg = Release|Any CPU
		{BDED3311-2E71-4991-93B8-4F181B6B6847}.Release|Any CPU.Build.0 = Release|Any CPU
		{957451EC-D233-448B-B80C-69636C499FBD}.Debug|Any CPU.ActiveCfg = Debug|Any CPU
		{957451EC-D233-448B-B80C-69636C499FBD}.Debug|Any CPU.Build.0 = Debug|Any CPU
		{957451EC-D233-448B-B80C-69636C499FBD}.Release|Any CPU.ActiveCfg = Release|Any CPU
		{957451EC-D233-448B-B80C-69636C499FBD}.Release|Any CPU.Build.0 = Release|Any CPU
	EndGlobalSection
	GlobalSection(SolutionProperties) = preSolution
		HideSolutionNode = FALSE
	EndGlobalSection
	GlobalSection(ExtensibilityGlobals) = postSolution
		SolutionGuid = {B4DC345F-1136-4EFA-970B-38AB3BE68F9D}
	EndGlobalSection
EndGlobal
